
Microsoft Visual Studio Solution File, Format Version 12.00
# Visual Studio Version 17
VisualStudioVersion = 17.10.34607.79
MinimumVisualStudioVersion = 10.0.40219.1
Project("{FAE04EC0-301F-11D3-BF4B-00C04F79EFBC}") = "Telerik.Examples.Mvc", "Telerik.Examples.Mvc\Telerik.Examples.Mvc.csproj", "{AEEA3031-CB16-4C63-B2CC-83C5EDE699B8}"
EndProject
Global
	GlobalSection(SolutionConfigurationPlatforms) = preSolution
		Debug|Any CPU = Debug|Any CPU
		Release|Any CPU = Release|Any CPU
	EndGlobalSection
	GlobalSection(ProjectConfigurationPlatforms) = postSolution
		{AEEA3031-CB16-4C63-B2CC-83C5EDE699B8}.Debug|Any CPU.ActiveCfg = Debug|Any CPU
		{AEEA3031-CB16-4C63-B2CC-83C5EDE699B8}.Debug|Any CPU.Build.0 = Debug|Any CPU
		{AEEA3031-CB16-4C63-B2CC-83C5EDE699B8}.Release|Any CPU.ActiveCfg = Release|Any CPU
		{AEEA3031-CB16-4C63-B2CC-83C5EDE699B8}.Release|Any CPU.Build.0 = Release|Any CPU
	EndGlobalSection
	GlobalSection(SolutionProperties) = preSolution
		HideSolutionNode = FALSE
	EndGlobalSection
	GlobalSection(ExtensibilityGlobals) = postSolution
		SolutionGuid = {E55EA874-405B-4953-AB81-E8C677C7B364}
	EndGlobalSection
EndGlobal
