
Microsoft Visual Studio Solution File, Format Version 12.00
# Visual Studio 2012
Project("{FAE04EC0-301F-11D3-BF4B-00C04F79EFBC}") = "DatabaseImageBrowser", "DatabaseImageBrowser\DatabaseImageBrowser.csproj", "{A0358E59-7E8E-4EA8-A273-B03E629350C3}"
EndProject
Global
	GlobalSection(SolutionConfigurationPlatforms) = preSolution
		Debug|Any CPU = Debug|Any CPU
		Release|Any CPU = Release|Any CPU
	EndGlobalSection
	GlobalSection(ProjectConfigurationPlatforms) = postSolution
		{A0358E59-7E8E-4EA8-A273-B03E629350C3}.Debug|Any CPU.ActiveCfg = Debug|Any CPU
		{A0358E59-7E8E-4EA8-A273-B03E629350C3}.Debug|Any CPU.Build.0 = Debug|Any CPU
		{A0358E59-7E8E-4EA8-A273-B03E629350C3}.Release|Any CPU.ActiveCfg = Release|Any CPU
		{A0358E59-7E8E-4EA8-A273-B03E629350C3}.Release|Any CPU.Build.0 = Release|Any CPU
	EndGlobalSection
	GlobalSection(SolutionProperties) = preSolution
		HideSolutionNode = FALSE
	EndGlobalSection
EndGlobal
