
Microsoft Visual Studio Solution File, Format Version 11.00
# Visual Studio 2010
Project("{FAE04EC0-301F-11D3-BF4B-00C04F79EFBC}") = "KendoMVCWrappers", "KendoMVCWrappers\KendoMVCWrappers.csproj", "{B6D0A3FE-B95A-43A8-BFEE-0244BEE98C5E}"
EndProject
Global
	GlobalSection(SolutionConfigurationPlatforms) = preSolution
		Debug|Any CPU = Debug|Any CPU
		Release|Any CPU = Release|Any CPU
	EndGlobalSection
	GlobalSection(ProjectConfigurationPlatforms) = postSolution
		{B6D0A3FE-B95A-43A8-BFEE-0244BEE98C5E}.Debug|Any CPU.ActiveCfg = Debug|Any CPU
		{B6D0A3FE-B95A-43A8-BFEE-0244BEE98C5E}.Debug|Any CPU.Build.0 = Debug|Any CPU
		{B6D0A3FE-B95A-43A8-BFEE-0244BEE98C5E}.Release|Any CPU.ActiveCfg = Release|Any CPU
		{B6D0A3FE-B95A-43A8-BFEE-0244BEE98C5E}.Release|Any CPU.Build.0 = Release|Any CPU
	EndGlobalSection
	GlobalSection(SolutionProperties) = preSolution
		HideSolutionNode = FALSE
	EndGlobalSection
EndGlobal
