
Microsoft Visual Studio Solution File, Format Version 12.00
# Visual Studio 2012
Project("{FAE04EC0-301F-11D3-BF4B-00C04F79EFBC}") = "FileUploadInPopUp", "FileUploadInPopUp\FileUploadInPopUp.csproj", "{998FC1A5-1D91-4BC6-997E-D6D42355F71B}"
EndProject
Global
	GlobalSection(SolutionConfigurationPlatforms) = preSolution
		Debug|Any CPU = Debug|Any CPU
		Release|Any CPU = Release|Any CPU
	EndGlobalSection
	GlobalSection(ProjectConfigurationPlatforms) = postSolution
		{998FC1A5-1D91-4BC6-997E-D6D42355F71B}.Debug|Any CPU.ActiveCfg = Debug|Any CPU
		{998FC1A5-1D91-4BC6-997E-D6D42355F71B}.Debug|Any CPU.Build.0 = Debug|Any CPU
		{998FC1A5-1D91-4BC6-997E-D6D42355F71B}.Release|Any CPU.ActiveCfg = Release|Any CPU
		{998FC1A5-1D91-4BC6-997E-D6D42355F71B}.Release|Any CPU.Build.0 = Release|Any CPU
	EndGlobalSection
	GlobalSection(SolutionProperties) = preSolution
		HideSolutionNode = FALSE
	EndGlobalSection
EndGlobal
