
Microsoft Visual Studio Solution File, Format Version 12.00
# Visual Studio 2012
Project("{FAE04EC0-301F-11D3-BF4B-00C04F79EFBC}") = "GridForeignKeyComboBoxColumn", "GridForeignKeyComboBoxColumn\GridForeignKeyComboBoxColumn.csproj", "{23C4B8D3-38F4-40B0-8B43-A1AFB0F09EBB}"
EndProject
Global
	GlobalSection(SolutionConfigurationPlatforms) = preSolution
		Debug|Any CPU = Debug|Any CPU
		Release|Any CPU = Release|Any CPU
	EndGlobalSection
	GlobalSection(ProjectConfigurationPlatforms) = postSolution
		{23C4B8D3-38F4-40B0-8B43-A1AFB0F09EBB}.Debug|Any CPU.ActiveCfg = Debug|Any CPU
		{23C4B8D3-38F4-40B0-8B43-A1AFB0F09EBB}.Debug|Any CPU.Build.0 = Debug|Any CPU
		{23C4B8D3-38F4-40B0-8B43-A1AFB0F09EBB}.Release|Any CPU.ActiveCfg = Release|Any CPU
		{23C4B8D3-38F4-40B0-8B43-A1AFB0F09EBB}.Release|Any CPU.Build.0 = Release|Any CPU
	EndGlobalSection
	GlobalSection(SolutionProperties) = preSolution
		HideSolutionNode = FALSE
	EndGlobalSection
EndGlobal
