
Microsoft Visual Studio Solution File, Format Version 12.00
# Visual Studio 14
VisualStudioVersion = 14.0.25420.1
MinimumVisualStudioVersion = 10.0.40219.1
Project("{FAE04EC0-301F-11D3-BF4B-00C04F79EFBC}") = "autocomplete_editor_allow_setting_new_values", "autocomplete-editor-allow-setting-new-values\autocomplete_editor_allow_setting_new_values.csproj", "{A3EACDAD-AA53-425B-A0F3-911CE7FF45E2}"
EndProject
Global
	GlobalSection(SolutionConfigurationPlatforms) = preSolution
		Debug|Any CPU = Debug|Any CPU
		Release|Any CPU = Release|Any CPU
	EndGlobalSection
	GlobalSection(ProjectConfigurationPlatforms) = postSolution
		{A3EACDAD-AA53-425B-A0F3-911CE7FF45E2}.Debug|Any CPU.ActiveCfg = Debug|Any CPU
		{A3EACDAD-AA53-425B-A0F3-911CE7FF45E2}.Debug|Any CPU.Build.0 = Debug|Any CPU
		{A3EACDAD-AA53-425B-A0F3-911CE7FF45E2}.Release|Any CPU.ActiveCfg = Release|Any CPU
		{A3EACDAD-AA53-425B-A0F3-911CE7FF45E2}.Release|Any CPU.Build.0 = Release|Any CPU
	EndGlobalSection
	GlobalSection(SolutionProperties) = preSolution
		HideSolutionNode = FALSE
	EndGlobalSection
EndGlobal
