
Microsoft Visual Studio Solution File, Format Version 12.00
# Visual Studio 2013
VisualStudioVersion = 12.0.30723.0
MinimumVisualStudioVersion = 10.0.40219.1
Project("{FAE04EC0-301F-11D3-BF4B-00C04F79EFBC}") = "ChartInGrid", "ChartInGrid\ChartInGrid.csproj", "{2A3A146D-9166-486D-BD82-D1103ED07E42}"
EndProject
Global
	GlobalSection(SolutionConfigurationPlatforms) = preSolution
		Debug|Any CPU = Debug|Any CPU
		Release|Any CPU = Release|Any CPU
	EndGlobalSection
	GlobalSection(ProjectConfigurationPlatforms) = postSolution
		{2A3A146D-9166-486D-BD82-D1103ED07E42}.Debug|Any CPU.ActiveCfg = Debug|Any CPU
		{2A3A146D-9166-486D-BD82-D1103ED07E42}.Debug|Any CPU.Build.0 = Debug|Any CPU
		{2A3A146D-9166-486D-BD82-D1103ED07E42}.Release|Any CPU.ActiveCfg = Release|Any CPU
		{2A3A146D-9166-486D-BD82-D1103ED07E42}.Release|Any CPU.Build.0 = Release|Any CPU
	EndGlobalSection
	GlobalSection(SolutionProperties) = preSolution
		HideSolutionNode = FALSE
	EndGlobalSection
EndGlobal
