
Microsoft Visual Studio Solution File, Format Version 12.00
# Visual Studio 14
VisualStudioVersion = 14.0.25420.1
MinimumVisualStudioVersion = 10.0.40219.1
Project("{FAE04EC0-301F-11D3-BF4B-00C04F79EFBC}") = "Import-Export", "Import-Export\Import-Export.csproj", "{43FAF0BC-7BB2-4E58-B7EF-2FCFA73C23AB}"
EndProject
Global
	GlobalSection(SolutionConfigurationPlatforms) = preSolution
		Debug|Any CPU = Debug|Any CPU
		Release|Any CPU = Release|Any CPU
	EndGlobalSection
	GlobalSection(ProjectConfigurationPlatforms) = postSolution
		{43FAF0BC-7BB2-4E58-B7EF-2FCFA73C23AB}.Debug|Any CPU.ActiveCfg = Debug|Any CPU
		{43FAF0BC-7BB2-4E58-B7EF-2FCFA73C23AB}.Debug|Any CPU.Build.0 = Debug|Any CPU
		{43FAF0BC-7BB2-4E58-B7EF-2FCFA73C23AB}.Release|Any CPU.ActiveCfg = Release|Any CPU
		{43FAF0BC-7BB2-4E58-B7EF-2FCFA73C23AB}.Release|Any CPU.Build.0 = Release|Any CPU
	EndGlobalSection
	GlobalSection(SolutionProperties) = preSolution
		HideSolutionNode = FALSE
	EndGlobalSection
EndGlobal
