
Microsoft Visual Studio Solution File, Format Version 12.00
# Visual Studio Version 17
VisualStudioVersion = 17.8.34309.116
MinimumVisualStudioVersion = 10.0.40219.1
Project("{FAE04EC0-301F-11D3-BF4B-00C04F79EFBC}") = "KendoCaptcha", "KendoCaptcha\KendoCaptcha.csproj", "{F3A45B22-1AF5-4CDE-8998-E3EA0408B814}"
EndProject
Global
	GlobalSection(SolutionConfigurationPlatforms) = preSolution
		Debug|Any CPU = Debug|Any CPU
		Release|Any CPU = Release|Any CPU
	EndGlobalSection
	GlobalSection(ProjectConfigurationPlatforms) = postSolution
		{F3A45B22-1AF5-4CDE-8998-E3EA0408B814}.Debug|Any CPU.ActiveCfg = Debug|Any CPU
		{F3A45B22-1AF5-4CDE-8998-E3EA0408B814}.Debug|Any CPU.Build.0 = Debug|Any CPU
		{F3A45B22-1AF5-4CDE-8998-E3EA0408B814}.Release|Any CPU.ActiveCfg = Release|Any CPU
		{F3A45B22-1AF5-4CDE-8998-E3EA0408B814}.Release|Any CPU.Build.0 = Release|Any CPU
	EndGlobalSection
	GlobalSection(SolutionProperties) = preSolution
		HideSolutionNode = FALSE
	EndGlobalSection
	GlobalSection(ExtensibilityGlobals) = postSolution
		SolutionGuid = {CEDD2B47-9D38-4650-8387-E99CC9206249}
	EndGlobalSection
EndGlobal
