
Microsoft Visual Studio Solution File, Format Version 12.00
# Visual Studio 2012
Project("{FAE04EC0-301F-11D3-BF4B-00C04F79EFBC}") = "UploadS3", "UploadS3.csproj", "{F7719105-8647-48CE-8FF8-BBBE8867A8FD}"
EndProject
Global
	GlobalSection(SolutionConfigurationPlatforms) = preSolution
		Debug|Any CPU = Debug|Any CPU
		Release|Any CPU = Release|Any CPU
	EndGlobalSection
	GlobalSection(ProjectConfigurationPlatforms) = postSolution
		{F7719105-8647-48CE-8FF8-BBBE8867A8FD}.Debug|Any CPU.ActiveCfg = Debug|Any CPU
		{F7719105-8647-48CE-8FF8-BBBE8867A8FD}.Debug|Any CPU.Build.0 = Debug|Any CPU
		{F7719105-8647-48CE-8FF8-BBBE8867A8FD}.Release|Any CPU.ActiveCfg = Release|Any CPU
		{F7719105-8647-48CE-8FF8-BBBE8867A8FD}.Release|Any CPU.Build.0 = Release|Any CPU
	EndGlobalSection
	GlobalSection(SolutionProperties) = preSolution
		HideSolutionNode = FALSE
	EndGlobalSection
EndGlobal
