
Microsoft Visual Studio Solution File, Format Version 12.00
# Visual Studio 15
VisualStudioVersion = 15.0.28307.102
MinimumVisualStudioVersion = 10.0.40219.1
Project("{FAE04EC0-301F-11D3-BF4B-00C04F79EFBC}") = "pre-select-panelbar-item", "pre-select-panelbar-item\pre-select-panelbar-item.csproj", "{B7903F27-5F1F-44DE-B4B8-F56779BE4D22}"
EndProject
Global
	GlobalSection(SolutionConfigurationPlatforms) = preSolution
		Debug|Any CPU = Debug|Any CPU
		Release|Any CPU = Release|Any CPU
	EndGlobalSection
	GlobalSection(ProjectConfigurationPlatforms) = postSolution
		{B7903F27-5F1F-44DE-B4B8-F56779BE4D22}.Debug|Any CPU.ActiveCfg = Debug|Any CPU
		{B7903F27-5F1F-44DE-B4B8-F56779BE4D22}.Debug|Any CPU.Build.0 = Debug|Any CPU
		{B7903F27-5F1F-44DE-B4B8-F56779BE4D22}.Release|Any CPU.ActiveCfg = Release|Any CPU
		{B7903F27-5F1F-44DE-B4B8-F56779BE4D22}.Release|Any CPU.Build.0 = Release|Any CPU
	EndGlobalSection
	GlobalSection(SolutionProperties) = preSolution
		HideSolutionNode = FALSE
	EndGlobalSection
	GlobalSection(ExtensibilityGlobals) = postSolution
		SolutionGuid = {4C371813-0C4D-4ADF-8AC0-269A69659916}
	EndGlobalSection
EndGlobal
