
Microsoft Visual Studio Solution File, Format Version 12.00
# Visual Studio 2012
Project("{FAE04EC0-301F-11D3-BF4B-00C04F79EFBC}") = "KendoRequireJS", "KendoRequireJS\KendoRequireJS.csproj", "{BD2A3EE5-B467-4255-89DC-DDB804A6ED65}"
EndProject
Global
	GlobalSection(SolutionConfigurationPlatforms) = preSolution
		Debug|Any CPU = Debug|Any CPU
		Release|Any CPU = Release|Any CPU
	EndGlobalSection
	GlobalSection(ProjectConfigurationPlatforms) = postSolution
		{BD2A3EE5-B467-4255-89DC-DDB804A6ED65}.Debug|Any CPU.ActiveCfg = Debug|Any CPU
		{BD2A3EE5-B467-4255-89DC-DDB804A6ED65}.Debug|Any CPU.Build.0 = Debug|Any CPU
		{BD2A3EE5-B467-4255-89DC-DDB804A6ED65}.Release|Any CPU.ActiveCfg = Release|Any CPU
		{BD2A3EE5-B467-4255-89DC-DDB804A6ED65}.Release|Any CPU.Build.0 = Release|Any CPU
	EndGlobalSection
	GlobalSection(SolutionProperties) = preSolution
		HideSolutionNode = FALSE
	EndGlobalSection
EndGlobal
