
Microsoft Visual Studio Solution File, Format Version 12.00
# Visual Studio 15
VisualStudioVersion = 15.0.27130.2020
MinimumVisualStudioVersion = 10.0.40219.1
Project("{FAE04EC0-301F-11D3-BF4B-00C04F79EFBC}") = "OdataSample", "OdataSample\OdataSample.csproj", "{CD8192D3-CAB2-4547-8967-51DD82F530BC}"
EndProject
Global
	GlobalSection(SolutionConfigurationPlatforms) = preSolution
		Debug|Any CPU = Debug|Any CPU
		Release|Any CPU = Release|Any CPU
	EndGlobalSection
	GlobalSection(ProjectConfigurationPlatforms) = postSolution
		{CD8192D3-CAB2-4547-8967-51DD82F530BC}.Debug|Any CPU.ActiveCfg = Debug|Any CPU
		{CD8192D3-CAB2-4547-8967-51DD82F530BC}.Debug|Any CPU.Build.0 = Debug|Any CPU
		{CD8192D3-CAB2-4547-8967-51DD82F530BC}.Release|Any CPU.ActiveCfg = Release|Any CPU
		{CD8192D3-CAB2-4547-8967-51DD82F530BC}.Release|Any CPU.Build.0 = Release|Any CPU
	EndGlobalSection
	GlobalSection(SolutionProperties) = preSolution
		HideSolutionNode = FALSE
	EndGlobalSection
	GlobalSection(ExtensibilityGlobals) = postSolution
		SolutionGuid = {1F186B77-49B5-4055-AB29-2944EEBED281}
	EndGlobalSection
EndGlobal
