
Microsoft Visual Studio Solution File, Format Version 12.00
# Visual Studio 14
VisualStudioVersion = 14.0.24720.0
MinimumVisualStudioVersion = 10.0.40219.1
Project("{FAE04EC0-301F-11D3-BF4B-00C04F79EFBC}") = "TelerikMvcApp5", "TelerikMvcApp5\TelerikMvcApp5.csproj", "{033A65C9-A83C-45E3-A8C7-B8522853ACBD}"
EndProject
Global
	GlobalSection(SolutionConfigurationPlatforms) = preSolution
		Debug|Any CPU = Debug|Any CPU
		Release|Any CPU = Release|Any CPU
	EndGlobalSection
	GlobalSection(ProjectConfigurationPlatforms) = postSolution
		{033A65C9-A83C-45E3-A8C7-B8522853ACBD}.Debug|Any CPU.ActiveCfg = Debug|Any CPU
		{033A65C9-A83C-45E3-A8C7-B8522853ACBD}.Debug|Any CPU.Build.0 = Debug|Any CPU
		{033A65C9-A83C-45E3-A8C7-B8522853ACBD}.Release|Any CPU.ActiveCfg = Release|Any CPU
		{033A65C9-A83C-45E3-A8C7-B8522853ACBD}.Release|Any CPU.Build.0 = Release|Any CPU
	EndGlobalSection
	GlobalSection(SolutionProperties) = preSolution
		HideSolutionNode = FALSE
	EndGlobalSection
EndGlobal
