
Microsoft Visual Studio Solution File, Format Version 12.00
# Visual Studio Version 16
VisualStudioVersion = 16.0.29326.143
MinimumVisualStudioVersion = 10.0.40219.1
Project("{FAE04EC0-301F-11D3-BF4B-00C04F79EFBC}") = "ChangingThemesOnTheClient", "ChangingThemesOnTheClient\ChangingThemesOnTheClient.csproj", "{FC6C2562-FA5C-4AA2-B9AA-3E6075274AD5}"
EndProject
Global
	GlobalSection(SolutionConfigurationPlatforms) = preSolution
		Debug|Any CPU = Debug|Any CPU
		Release|Any CPU = Release|Any CPU
	EndGlobalSection
	GlobalSection(ProjectConfigurationPlatforms) = postSolution
		{FC6C2562-FA5C-4AA2-B9AA-3E6075274AD5}.Debug|Any CPU.ActiveCfg = Debug|Any CPU
		{FC6C2562-FA5C-4AA2-B9AA-3E6075274AD5}.Debug|Any CPU.Build.0 = Debug|Any CPU
		{FC6C2562-FA5C-4AA2-B9AA-3E6075274AD5}.Release|Any CPU.ActiveCfg = Release|Any CPU
		{FC6C2562-FA5C-4AA2-B9AA-3E6075274AD5}.Release|Any CPU.Build.0 = Release|Any CPU
	EndGlobalSection
	GlobalSection(SolutionProperties) = preSolution
		HideSolutionNode = FALSE
	EndGlobalSection
	GlobalSection(ExtensibilityGlobals) = postSolution
		SolutionGuid = {9808B3A0-F45E-4C98-868B-8C9314A46697}
	EndGlobalSection
EndGlobal
