
Microsoft Visual Studio Solution File, Format Version 12.00
# Visual Studio 2012
Project("{FAE04EC0-301F-11D3-BF4B-00C04F79EFBC}") = "SalesHub.Client", "SalesHub.Client\SalesHub.Client.csproj", "{80DC09A8-6B7A-475E-9CB0-24CE58FD65CB}"
EndProject
Project("{FAE04EC0-301F-11D3-BF4B-00C04F79EFBC}") = "SalesHub.Data", "SalesHub.Data\SalesHub.Data.csproj", "{3F6B4C50-EF8D-46A5-A2DB-EEF36E254628}"
EndProject
Project("{FAE04EC0-301F-11D3-BF4B-00C04F79EFBC}") = "SalesHub.Core", "SalesHub.Core\SalesHub.Core.csproj", "{49298D12-F3D5-4F80-BD8B-627D208E9017}"
EndProject
Project("{2150E333-8FDC-42A3-9474-1A3956D46DE8}") = "UnitTest", "UnitTest", "{B933A30B-B2D7-4A5A-8AC5-6BC2E88FBB82}"
EndProject
Project("{FAE04EC0-301F-11D3-BF4B-00C04F79EFBC}") = "SalesHub.Client.UnitTests", "SalesHub.Client.UnitTests\SalesHub.Client.UnitTests.csproj", "{AC47AC7F-97D6-4865-8ADC-69478D8FA669}"
EndProject
Project("{2150E333-8FDC-42A3-9474-1A3956D46DE8}") = ".nuget", ".nuget", "{35EE4232-FE07-4C25-A75E-E08745324238}"
	ProjectSection(SolutionItems) = preProject
		.nuget\NuGet.Config = .nuget\NuGet.Config
		.nuget\NuGet.exe = .nuget\NuGet.exe
		.nuget\NuGet.targets = .nuget\NuGet.targets
	EndProjectSection
EndProject
Global
	GlobalSection(SolutionConfigurationPlatforms) = preSolution
		Debug|Any CPU = Debug|Any CPU
		Release|Any CPU = Release|Any CPU
	EndGlobalSection
	GlobalSection(ProjectConfigurationPlatforms) = postSolution
		{80DC09A8-6B7A-475E-9CB0-24CE58FD65CB}.Debug|Any CPU.ActiveCfg = Debug|Any CPU
		{80DC09A8-6B7A-475E-9CB0-24CE58FD65CB}.Debug|Any CPU.Build.0 = Debug|Any CPU
		{80DC09A8-6B7A-475E-9CB0-24CE58FD65CB}.Release|Any CPU.ActiveCfg = Release|Any CPU
		{80DC09A8-6B7A-475E-9CB0-24CE58FD65CB}.Release|Any CPU.Build.0 = Release|Any CPU
		{3F6B4C50-EF8D-46A5-A2DB-EEF36E254628}.Debug|Any CPU.ActiveCfg = Debug|Any CPU
		{3F6B4C50-EF8D-46A5-A2DB-EEF36E254628}.Debug|Any CPU.Build.0 = Debug|Any CPU
		{3F6B4C50-EF8D-46A5-A2DB-EEF36E254628}.Release|Any CPU.ActiveCfg = Release|Any CPU
		{3F6B4C50-EF8D-46A5-A2DB-EEF36E254628}.Release|Any CPU.Build.0 = Release|Any CPU
		{49298D12-F3D5-4F80-BD8B-627D208E9017}.Debug|Any CPU.ActiveCfg = Debug|Any CPU
		{49298D12-F3D5-4F80-BD8B-627D208E9017}.Debug|Any CPU.Build.0 = Debug|Any CPU
		{49298D12-F3D5-4F80-BD8B-627D208E9017}.Release|Any CPU.ActiveCfg = Release|Any CPU
		{49298D12-F3D5-4F80-BD8B-627D208E9017}.Release|Any CPU.Build.0 = Release|Any CPU
		{AC47AC7F-97D6-4865-8ADC-69478D8FA669}.Debug|Any CPU.ActiveCfg = Debug|Any CPU
		{AC47AC7F-97D6-4865-8ADC-69478D8FA669}.Debug|Any CPU.Build.0 = Debug|Any CPU
		{AC47AC7F-97D6-4865-8ADC-69478D8FA669}.Release|Any CPU.ActiveCfg = Release|Any CPU
		{AC47AC7F-97D6-4865-8ADC-69478D8FA669}.Release|Any CPU.Build.0 = Release|Any CPU
	EndGlobalSection
	GlobalSection(SolutionProperties) = preSolution
		HideSolutionNode = FALSE
	EndGlobalSection
	GlobalSection(NestedProjects) = preSolution
		{AC47AC7F-97D6-4865-8ADC-69478D8FA669} = {B933A30B-B2D7-4A5A-8AC5-6BC2E88FBB82}
	EndGlobalSection
	GlobalSection(ExtensibilityGlobals) = postSolution
		EnterpriseLibraryConfigurationToolBinariesPath = packages\Unity.2.1.505.2\lib\NET35
	EndGlobalSection
EndGlobal
