
Microsoft Visual Studio Solution File, Format Version 12.00
# Visual Studio 2012
Project("{FAE04EC0-301F-11D3-BF4B-00C04F79EFBC}") = "KendoGridServerBinding", "KendoGridServerBinding\KendoGridServerBinding.csproj", "{05E9EC9A-49EF-46D8-ADD4-2A3EDBBAA127}"
EndProject
Global
	GlobalSection(SolutionConfigurationPlatforms) = preSolution
		Debug|Any CPU = Debug|Any CPU
		Release|Any CPU = Release|Any CPU
	EndGlobalSection
	GlobalSection(ProjectConfigurationPlatforms) = postSolution
		{05E9EC9A-49EF-46D8-ADD4-2A3EDBBAA127}.Debug|Any CPU.ActiveCfg = Debug|Any CPU
		{05E9EC9A-49EF-46D8-ADD4-2A3EDBBAA127}.Debug|Any CPU.Build.0 = Debug|Any CPU
		{05E9EC9A-49EF-46D8-ADD4-2A3EDBBAA127}.Release|Any CPU.ActiveCfg = Release|Any CPU
		{05E9EC9A-49EF-46D8-ADD4-2A3EDBBAA127}.Release|Any CPU.Build.0 = Release|Any CPU
	EndGlobalSection
	GlobalSection(SolutionProperties) = preSolution
		HideSolutionNode = FALSE
	EndGlobalSection
EndGlobal
