
Microsoft Visual Studio Solution File, Format Version 12.00
# Visual Studio 2012
Project("{FAE04EC0-301F-11D3-BF4B-00C04F79EFBC}") = "KendoUIMVC5", "KendoUIMVC5\KendoUIMVC5.csproj", "{F06CAD57-4977-46EB-8CC1-2BC40656BBF8}"
EndProject
Global
	GlobalSection(SolutionConfigurationPlatforms) = preSolution
		Debug|Any CPU = Debug|Any CPU
		Release|Any CPU = Release|Any CPU
	EndGlobalSection
	GlobalSection(ProjectConfigurationPlatforms) = postSolution
		{F06CAD57-4977-46EB-8CC1-2BC40656BBF8}.Debug|Any CPU.ActiveCfg = Debug|Any CPU
		{F06CAD57-4977-46EB-8CC1-2BC40656BBF8}.Debug|Any CPU.Build.0 = Debug|Any CPU
		{F06CAD57-4977-46EB-8CC1-2BC40656BBF8}.Release|Any CPU.ActiveCfg = Release|Any CPU
		{F06CAD57-4977-46EB-8CC1-2BC40656BBF8}.Release|Any CPU.Build.0 = Release|Any CPU
	EndGlobalSection
	GlobalSection(SolutionProperties) = preSolution
		HideSolutionNode = FALSE
	EndGlobalSection
EndGlobal
