
Microsoft Visual Studio Solution File, Format Version 12.00
# Visual Studio 14
VisualStudioVersion = 14.0.25420.1
MinimumVisualStudioVersion = 10.0.40219.1
Project("{FAE04EC0-301F-11D3-BF4B-00C04F79EFBC}") = "KendoMVCWrappers", "KendoMVCWrappers\KendoMVCWrappers.csproj", "{D5B8426E-C9A3-4858-88A9-6643D450E537}"
EndProject
Global
	GlobalSection(SolutionConfigurationPlatforms) = preSolution
		Debug|Any CPU = Debug|Any CPU
		Release|Any CPU = Release|Any CPU
	EndGlobalSection
	GlobalSection(ProjectConfigurationPlatforms) = postSolution
		{D5B8426E-C9A3-4858-88A9-6643D450E537}.Debug|Any CPU.ActiveCfg = Debug|Any CPU
		{D5B8426E-C9A3-4858-88A9-6643D450E537}.Debug|Any CPU.Build.0 = Debug|Any CPU
		{D5B8426E-C9A3-4858-88A9-6643D450E537}.Release|Any CPU.ActiveCfg = Release|Any CPU
		{D5B8426E-C9A3-4858-88A9-6643D450E537}.Release|Any CPU.Build.0 = Release|Any CPU
	EndGlobalSection
	GlobalSection(SolutionProperties) = preSolution
		HideSolutionNode = FALSE
	EndGlobalSection
EndGlobal
